github.com/alexedwards/scs/mysqlstore v0.0.0-20220216073957-c252878bcf5a h1:lh8DJfZ/MZdOK+UzQrNN9zVHysVxRB/R7OPUnv8TsE0=
github.com/alexedwards/scs/mysqlstore v0.0.0-20220216073957-c252878bcf5a/go.mod h1:MKLf409wtunSUZ+5eUwPzlfGYSpITYzJZ4UZzU5rMoY=
github.com/alexedwards/scs/v2 v2.5.0 h1:zgxOfNFmiJyXG7UPIuw1g2b9LWBeRLh3PjfB9BDmfL4=
github.com/alexedwards/scs/v2 v2.5.0/go.mod h1:ToaROZxyKukJKT/xLcVQAChi5k6+Pn1Gvmdl7h3RRj8=
github.com/go-chi/chi/v5 v5.0.7 h1:rDTPXLDHGATaeHvVlLcR4Qe0zftYethFucbjVQ1PxU8=
github.com/go-chi/chi/v5 v5.0.7/go.mod h1:DslCQbL2OYiznFReuXYUmQ2hGd1aDpCnlMNITLSKoi8=
github.com/go-sql-driver/mysql v1.6.0 h1:BCTh4TKNUYmOmMUcQ3IipzF5prigylS7XXjEkfCHuOE=
github.com/go-sql-driver/mysql v1.6.0/go.mod h1:DCzpHaOWr8IXmIStZouvnhqoel9Qv2LBy8hT2VhHyBg=
github.com/justinas/nosurf v1.1.1 h1:92Aw44hjSK4MxJeMSyDa7jwuI9GR2J/JCQiaKvXXSlk=
github.com/justinas/nosurf v1.1.1/go.mod h1:ALpWdSbuNGy2lZWtyXdjkYv4edL23oSEgfBT1gPJ5BQ=
github.com/rhodeon/prettylog v1.0.3 h1:JDml2X7U9900XapdQ8SztP/yuVT8Bg5/vZ+2SwcS5+0=
github.com/rhodeon/prettylog v1.0.3/go.mod h1:RZPkc8x3jmAxU6IjwHCxprIVSpJv2rgpDMD6dR/VdJ4=
golang.org/x/crypto v0.0.0-20220214200702-86341886e292 h1:f+lwQ+GtmgoY+A2YaQxlSOnDjXcQ7ZRLWOHbC6HtRqE=
golang.org/x/crypto v0.0.0-20220214200702-86341886e292/go.mod h1:IxCIyHEi3zRg3s0A5j5BB6A9Jmi73HwBIUl50j+osU4=
golang.org/x/net v0.0.0-20211112202133-69e39bad7dc2/go.mod h1:9nx3DQGgdP8bBQD5qxJ1jj9UTztislL4KSBs9R2vV5Y=
golang.org/x/sys v0.0.0-20201119102817-f84b799fce68/go.mod h1:h1NjWce9XRLGQEsW7wpKNCjG9DtNlClVuFLEZdDNbEs=
golang.org/x/sys v0.0.0-20210423082822-04245dca01da/go.mod h1:h1NjWce9XRLGQEsW7wpKNCjG9DtNlClVuFLEZdDNbEs=
golang.org/x/sys v0.0.0-20210615035016-665e8c7367d1/go.mod h1:oPkhp1MJrh7nUepCBck5+mAzfO9JrbApNNgaTdGDITg=
golang.org/x/term v0.0.0-20201126162022-7de9c90e9dd1/go.mod h1:bj7SfCRtBDWHUb9snDiAeCFNEtKQo2Wmx5Cou7ajbmo=
golang.org/x/text v0.3.6/go.mod h1:5Zoc/QRtKVWzQhOtBMvqHzDpF6irO9z98xDceosuGiQ=
golang.org/x/tools v0.0.0-20180917221912-90fa682c2a6e/go.mod h1:n7NCudcB/nEzxVGmLbDWY5pfWTLqBcC2KZ6jyYvM4mQ=
